
Microsoft Visual Studio Solution File, Format Version 12.00
# Visual Studio 15
VisualStudioVersion = 15.0.28010.2048
MinimumVisualStudioVersion = 10.0.40219.1
Project("{9A19103F-16F7-4668-BE54-9A1E7A4F7556}") = "QuantumCode", "fsharp\QuantumCode\QuantumCode.csproj", "{2BD1572A-0892-43D4-9D82-115AD86A8378}"
EndProject
Project("{6EC3EE1D-3C4E-46DD-8F32-0CC8E7565705}") = "FSharpDriver", "fsharp\FSharpDriver\FSharpDriver.fsproj", "{6C0AC1D5-9C57-43DD-BC0B-3306A1B4CDF0}"
EndProject
Global
	GlobalSection(SolutionConfigurationPlatforms) = preSolution
		Debug|Any CPU = Debug|Any CPU
		Release|Any CPU = Release|Any CPU
	EndGlobalSection
	GlobalSection(ProjectConfigurationPlatforms) = postSolution
		{2BD1572A-0892-43D4-9D82-115AD86A8378}.Debug|Any CPU.ActiveCfg = Debug|Any CPU
		{2BD1572A-0892-43D4-9D82-115AD86A8378}.Debug|Any CPU.Build.0 = Debug|Any CPU
		{2BD1572A-0892-43D4-9D82-115AD86A8378}.Release|Any CPU.ActiveCfg = Release|Any CPU
		{2BD1572A-0892-43D4-9D82-115AD86A8378}.Release|Any CPU.Build.0 = Release|Any CPU
		{6C0AC1D5-9C57-43DD-BC0B-3306A1B4CDF0}.Debug|Any CPU.ActiveCfg = Debug|Any CPU
		{6C0AC1D5-9C57-43DD-BC0B-3306A1B4CDF0}.Debug|Any CPU.Build.0 = Debug|Any CPU
		{6C0AC1D5-9C57-43DD-BC0B-3306A1B4CDF0}.Release|Any CPU.ActiveCfg = Release|Any CPU
		{6C0AC1D5-9C57-43DD-BC0B-3306A1B4CDF0}.Release|Any CPU.Build.0 = Release|Any CPU
	EndGlobalSection
	GlobalSection(SolutionProperties) = preSolution
		HideSolutionNode = FALSE
	EndGlobalSection
	GlobalSection(ExtensibilityGlobals) = postSolution
		SolutionGuid = {1D59562D-3DD6-47D7-B648-84DA3106EDD8}
	EndGlobalSection
EndGlobal
