
Microsoft Visual Studio Solution File, Format Version 12.00
# Visual Studio 15
VisualStudioVersion = 15.0.26124.0
MinimumVisualStudioVersion = 15.0.26124.0
Project("{FAE04EC0-301F-11D3-BF4B-00C04F79EFBC}") = "Measurement", "measurement\Measurement.csproj", "{C55BD9BF-D77F-4F2D-AD1F-010B871A6C6C}"
EndProject
Project("{FAE04EC0-301F-11D3-BF4B-00C04F79EFBC}") = "TeleportationSample", "teleportation\TeleportationSample.csproj", "{1A92C1F7-FC0E-43B8-BCF4-F7A705702089}"
EndProject
Project("{FAE04EC0-301F-11D3-BF4B-00C04F79EFBC}") = "SimpleAlgorithms", "simple-algorithms\SimpleAlgorithms.csproj", "{18C89371-C65E-4E4D-9A47-BB72D0FB3FB1}"
EndProject
Project("{FAE04EC0-301F-11D3-BF4B-00C04F79EFBC}") = "Qrng", "qrng\Qrng.csproj", "{8EB3A38C-A89B-4CC6-9582-1C4E7BA4FA0D}"
EndProject
Global
	GlobalSection(SolutionConfigurationPlatforms) = preSolution
		Debug|Any CPU = Debug|Any CPU
		Debug|x64 = Debug|x64
		Debug|x86 = Debug|x86
		Release|Any CPU = Release|Any CPU
		Release|x64 = Release|x64
		Release|x86 = Release|x86
	EndGlobalSection
	GlobalSection(SolutionProperties) = preSolution
		HideSolutionNode = FALSE
	EndGlobalSection
	GlobalSection(ProjectConfigurationPlatforms) = postSolution
		{C55BD9BF-D77F-4F2D-AD1F-010B871A6C6C}.Debug|Any CPU.ActiveCfg = Debug|Any CPU
		{C55BD9BF-D77F-4F2D-AD1F-010B871A6C6C}.Debug|Any CPU.Build.0 = Debug|Any CPU
		{C55BD9BF-D77F-4F2D-AD1F-010B871A6C6C}.Debug|x64.ActiveCfg = Debug|Any CPU
		{C55BD9BF-D77F-4F2D-AD1F-010B871A6C6C}.Debug|x64.Build.0 = Debug|Any CPU
		{C55BD9BF-D77F-4F2D-AD1F-010B871A6C6C}.Debug|x86.ActiveCfg = Debug|Any CPU
		{C55BD9BF-D77F-4F2D-AD1F-010B871A6C6C}.Debug|x86.Build.0 = Debug|Any CPU
		{C55BD9BF-D77F-4F2D-AD1F-010B871A6C6C}.Release|Any CPU.ActiveCfg = Release|Any CPU
		{C55BD9BF-D77F-4F2D-AD1F-010B871A6C6C}.Release|Any CPU.Build.0 = Release|Any CPU
		{C55BD9BF-D77F-4F2D-AD1F-010B871A6C6C}.Release|x64.ActiveCfg = Release|Any CPU
		{C55BD9BF-D77F-4F2D-AD1F-010B871A6C6C}.Release|x64.Build.0 = Release|Any CPU
		{C55BD9BF-D77F-4F2D-AD1F-010B871A6C6C}.Release|x86.ActiveCfg = Release|Any CPU
		{C55BD9BF-D77F-4F2D-AD1F-010B871A6C6C}.Release|x86.Build.0 = Release|Any CPU
		{1A92C1F7-FC0E-43B8-BCF4-F7A705702089}.Debug|Any CPU.ActiveCfg = Debug|Any CPU
		{1A92C1F7-FC0E-43B8-BCF4-F7A705702089}.Debug|Any CPU.Build.0 = Debug|Any CPU
		{1A92C1F7-FC0E-43B8-BCF4-F7A705702089}.Debug|x64.ActiveCfg = Debug|Any CPU
		{1A92C1F7-FC0E-43B8-BCF4-F7A705702089}.Debug|x64.Build.0 = Debug|Any CPU
		{1A92C1F7-FC0E-43B8-BCF4-F7A705702089}.Debug|x86.ActiveCfg = Debug|Any CPU
		{1A92C1F7-FC0E-43B8-BCF4-F7A705702089}.Debug|x86.Build.0 = Debug|Any CPU
		{1A92C1F7-FC0E-43B8-BCF4-F7A705702089}.Release|Any CPU.ActiveCfg = Release|Any CPU
		{1A92C1F7-FC0E-43B8-BCF4-F7A705702089}.Release|Any CPU.Build.0 = Release|Any CPU
		{1A92C1F7-FC0E-43B8-BCF4-F7A705702089}.Release|x64.ActiveCfg = Release|Any CPU
		{1A92C1F7-FC0E-43B8-BCF4-F7A705702089}.Release|x64.Build.0 = Release|Any CPU
		{1A92C1F7-FC0E-43B8-BCF4-F7A705702089}.Release|x86.ActiveCfg = Release|Any CPU
		{1A92C1F7-FC0E-43B8-BCF4-F7A705702089}.Release|x86.Build.0 = Release|Any CPU
		{18C89371-C65E-4E4D-9A47-BB72D0FB3FB1}.Debug|Any CPU.ActiveCfg = Debug|Any CPU
		{18C89371-C65E-4E4D-9A47-BB72D0FB3FB1}.Debug|Any CPU.Build.0 = Debug|Any CPU
		{18C89371-C65E-4E4D-9A47-BB72D0FB3FB1}.Debug|x64.ActiveCfg = Debug|Any CPU
		{18C89371-C65E-4E4D-9A47-BB72D0FB3FB1}.Debug|x64.Build.0 = Debug|Any CPU
		{18C89371-C65E-4E4D-9A47-BB72D0FB3FB1}.Debug|x86.ActiveCfg = Debug|Any CPU
		{18C89371-C65E-4E4D-9A47-BB72D0FB3FB1}.Debug|x86.Build.0 = Debug|Any CPU
		{18C89371-C65E-4E4D-9A47-BB72D0FB3FB1}.Release|Any CPU.ActiveCfg = Release|Any CPU
		{18C89371-C65E-4E4D-9A47-BB72D0FB3FB1}.Release|Any CPU.Build.0 = Release|Any CPU
		{18C89371-C65E-4E4D-9A47-BB72D0FB3FB1}.Release|x64.ActiveCfg = Release|Any CPU
		{18C89371-C65E-4E4D-9A47-BB72D0FB3FB1}.Release|x64.Build.0 = Release|Any CPU
		{18C89371-C65E-4E4D-9A47-BB72D0FB3FB1}.Release|x86.ActiveCfg = Release|Any CPU
		{18C89371-C65E-4E4D-9A47-BB72D0FB3FB1}.Release|x86.Build.0 = Release|Any CPU
		{8EB3A38C-A89B-4CC6-9582-1C4E7BA4FA0D}.Debug|Any CPU.ActiveCfg = Debug|Any CPU
		{8EB3A38C-A89B-4CC6-9582-1C4E7BA4FA0D}.Debug|Any CPU.Build.0 = Debug|Any CPU
		{8EB3A38C-A89B-4CC6-9582-1C4E7BA4FA0D}.Debug|x64.ActiveCfg = Debug|Any CPU
		{8EB3A38C-A89B-4CC6-9582-1C4E7BA4FA0D}.Debug|x64.Build.0 = Debug|Any CPU
		{8EB3A38C-A89B-4CC6-9582-1C4E7BA4FA0D}.Debug|x86.ActiveCfg = Debug|Any CPU
		{8EB3A38C-A89B-4CC6-9582-1C4E7BA4FA0D}.Debug|x86.Build.0 = Debug|Any CPU
		{8EB3A38C-A89B-4CC6-9582-1C4E7BA4FA0D}.Release|Any CPU.ActiveCfg = Release|Any CPU
		{8EB3A38C-A89B-4CC6-9582-1C4E7BA4FA0D}.Release|Any CPU.Build.0 = Release|Any CPU
		{8EB3A38C-A89B-4CC6-9582-1C4E7BA4FA0D}.Release|x64.ActiveCfg = Release|Any CPU
		{8EB3A38C-A89B-4CC6-9582-1C4E7BA4FA0D}.Release|x64.Build.0 = Release|Any CPU
		{8EB3A38C-A89B-4CC6-9582-1C4E7BA4FA0D}.Release|x86.ActiveCfg = Release|Any CPU
		{8EB3A38C-A89B-4CC6-9582-1C4E7BA4FA0D}.Release|x86.Build.0 = Release|Any CPU
	EndGlobalSection
EndGlobal
