
Microsoft Visual Studio Solution File, Format Version 12.00
# Visual Studio 15
VisualStudioVersion = 15.0.26124.0
MinimumVisualStudioVersion = 15.0.26124.0
Project("{2150E333-8FDC-42A3-9474-1A3956D46DE8}") = "h2", "h2", "{91B87B6D-7178-4C76-9577-CB6E7BDE82C3}"
EndProject
Project("{FAE04EC0-301F-11D3-BF4B-00C04F79EFBC}") = "H2SimulationSampleCmdLine", "h2\command-line\H2SimulationSampleCmdLine.csproj", "{07A8060E-8FEF-4430-A079-D27B43111C7F}"
EndProject
Project("{FAE04EC0-301F-11D3-BF4B-00C04F79EFBC}") = "H2SimulationGUI", "h2\gui\H2SimulationGUI.csproj", "{460F7355-E478-401A-B6D4-8D34ABB2F212}"
EndProject
Project("{FAE04EC0-301F-11D3-BF4B-00C04F79EFBC}") = "HubbardSimulationSample", "hubbard\HubbardSimulationSample.csproj", "{44BCA770-794B-495C-B69F-9B4C21A055FE}"
EndProject
Project("{FAE04EC0-301F-11D3-BF4B-00C04F79EFBC}") = "QAOA", "qaoa\QAOA.csproj", "{98F1CAC8-06C7-41D7-B179-73DA83576784}"
EndProject
Project("{FAE04EC0-301F-11D3-BF4B-00C04F79EFBC}") = "gaussian-initial-state", "gaussian-initial-state\gaussian-initial-state.csproj", "{C3F601D4-1723-46ED-BE3E-53DBF50AF591}"
EndProject
Project("{FAE04EC0-301F-11D3-BF4B-00C04F79EFBC}") = "IsingSample", "ising\IsingSample.csproj", "{1EAD4BBF-FB38-422D-856B-503D01919147}"
EndProject
Global
	GlobalSection(SolutionConfigurationPlatforms) = preSolution
		Debug|Any CPU = Debug|Any CPU
		Debug|x64 = Debug|x64
		Debug|x86 = Debug|x86
		Release|Any CPU = Release|Any CPU
		Release|x64 = Release|x64
		Release|x86 = Release|x86
	EndGlobalSection
	GlobalSection(SolutionProperties) = preSolution
		HideSolutionNode = FALSE
	EndGlobalSection
	GlobalSection(ProjectConfigurationPlatforms) = postSolution
		{07A8060E-8FEF-4430-A079-D27B43111C7F}.Debug|Any CPU.ActiveCfg = Debug|Any CPU
		{07A8060E-8FEF-4430-A079-D27B43111C7F}.Debug|Any CPU.Build.0 = Debug|Any CPU
		{07A8060E-8FEF-4430-A079-D27B43111C7F}.Debug|x64.ActiveCfg = Debug|Any CPU
		{07A8060E-8FEF-4430-A079-D27B43111C7F}.Debug|x64.Build.0 = Debug|Any CPU
		{07A8060E-8FEF-4430-A079-D27B43111C7F}.Debug|x86.ActiveCfg = Debug|Any CPU
		{07A8060E-8FEF-4430-A079-D27B43111C7F}.Debug|x86.Build.0 = Debug|Any CPU
		{07A8060E-8FEF-4430-A079-D27B43111C7F}.Release|Any CPU.ActiveCfg = Release|Any CPU
		{07A8060E-8FEF-4430-A079-D27B43111C7F}.Release|Any CPU.Build.0 = Release|Any CPU
		{07A8060E-8FEF-4430-A079-D27B43111C7F}.Release|x64.ActiveCfg = Release|Any CPU
		{07A8060E-8FEF-4430-A079-D27B43111C7F}.Release|x64.Build.0 = Release|Any CPU
		{07A8060E-8FEF-4430-A079-D27B43111C7F}.Release|x86.ActiveCfg = Release|Any CPU
		{07A8060E-8FEF-4430-A079-D27B43111C7F}.Release|x86.Build.0 = Release|Any CPU
		{460F7355-E478-401A-B6D4-8D34ABB2F212}.Debug|Any CPU.ActiveCfg = Debug|Any CPU
		{460F7355-E478-401A-B6D4-8D34ABB2F212}.Debug|Any CPU.Build.0 = Debug|Any CPU
		{460F7355-E478-401A-B6D4-8D34ABB2F212}.Debug|x64.ActiveCfg = Debug|Any CPU
		{460F7355-E478-401A-B6D4-8D34ABB2F212}.Debug|x64.Build.0 = Debug|Any CPU
		{460F7355-E478-401A-B6D4-8D34ABB2F212}.Debug|x86.ActiveCfg = Debug|Any CPU
		{460F7355-E478-401A-B6D4-8D34ABB2F212}.Debug|x86.Build.0 = Debug|Any CPU
		{460F7355-E478-401A-B6D4-8D34ABB2F212}.Release|Any CPU.ActiveCfg = Release|Any CPU
		{460F7355-E478-401A-B6D4-8D34ABB2F212}.Release|Any CPU.Build.0 = Release|Any CPU
		{460F7355-E478-401A-B6D4-8D34ABB2F212}.Release|x64.ActiveCfg = Release|Any CPU
		{460F7355-E478-401A-B6D4-8D34ABB2F212}.Release|x64.Build.0 = Release|Any CPU
		{460F7355-E478-401A-B6D4-8D34ABB2F212}.Release|x86.ActiveCfg = Release|Any CPU
		{460F7355-E478-401A-B6D4-8D34ABB2F212}.Release|x86.Build.0 = Release|Any CPU
		{44BCA770-794B-495C-B69F-9B4C21A055FE}.Debug|Any CPU.ActiveCfg = Debug|Any CPU
		{44BCA770-794B-495C-B69F-9B4C21A055FE}.Debug|Any CPU.Build.0 = Debug|Any CPU
		{44BCA770-794B-495C-B69F-9B4C21A055FE}.Debug|x64.ActiveCfg = Debug|Any CPU
		{44BCA770-794B-495C-B69F-9B4C21A055FE}.Debug|x64.Build.0 = Debug|Any CPU
		{44BCA770-794B-495C-B69F-9B4C21A055FE}.Debug|x86.ActiveCfg = Debug|Any CPU
		{44BCA770-794B-495C-B69F-9B4C21A055FE}.Debug|x86.Build.0 = Debug|Any CPU
		{44BCA770-794B-495C-B69F-9B4C21A055FE}.Release|Any CPU.ActiveCfg = Release|Any CPU
		{44BCA770-794B-495C-B69F-9B4C21A055FE}.Release|Any CPU.Build.0 = Release|Any CPU
		{44BCA770-794B-495C-B69F-9B4C21A055FE}.Release|x64.ActiveCfg = Release|Any CPU
		{44BCA770-794B-495C-B69F-9B4C21A055FE}.Release|x64.Build.0 = Release|Any CPU
		{44BCA770-794B-495C-B69F-9B4C21A055FE}.Release|x86.ActiveCfg = Release|Any CPU
		{44BCA770-794B-495C-B69F-9B4C21A055FE}.Release|x86.Build.0 = Release|Any CPU
		{98F1CAC8-06C7-41D7-B179-73DA83576784}.Debug|Any CPU.ActiveCfg = Debug|Any CPU
		{98F1CAC8-06C7-41D7-B179-73DA83576784}.Debug|Any CPU.Build.0 = Debug|Any CPU
		{98F1CAC8-06C7-41D7-B179-73DA83576784}.Debug|x64.ActiveCfg = Debug|Any CPU
		{98F1CAC8-06C7-41D7-B179-73DA83576784}.Debug|x64.Build.0 = Debug|Any CPU
		{98F1CAC8-06C7-41D7-B179-73DA83576784}.Debug|x86.ActiveCfg = Debug|Any CPU
		{98F1CAC8-06C7-41D7-B179-73DA83576784}.Debug|x86.Build.0 = Debug|Any CPU
		{98F1CAC8-06C7-41D7-B179-73DA83576784}.Release|Any CPU.ActiveCfg = Release|Any CPU
		{98F1CAC8-06C7-41D7-B179-73DA83576784}.Release|Any CPU.Build.0 = Release|Any CPU
		{98F1CAC8-06C7-41D7-B179-73DA83576784}.Release|x64.ActiveCfg = Release|Any CPU
		{98F1CAC8-06C7-41D7-B179-73DA83576784}.Release|x64.Build.0 = Release|Any CPU
		{98F1CAC8-06C7-41D7-B179-73DA83576784}.Release|x86.ActiveCfg = Release|Any CPU
		{98F1CAC8-06C7-41D7-B179-73DA83576784}.Release|x86.Build.0 = Release|Any CPU
		{C3F601D4-1723-46ED-BE3E-53DBF50AF591}.Debug|Any CPU.ActiveCfg = Debug|Any CPU
		{C3F601D4-1723-46ED-BE3E-53DBF50AF591}.Debug|Any CPU.Build.0 = Debug|Any CPU
		{C3F601D4-1723-46ED-BE3E-53DBF50AF591}.Debug|x64.ActiveCfg = Debug|Any CPU
		{C3F601D4-1723-46ED-BE3E-53DBF50AF591}.Debug|x64.Build.0 = Debug|Any CPU
		{C3F601D4-1723-46ED-BE3E-53DBF50AF591}.Debug|x86.ActiveCfg = Debug|Any CPU
		{C3F601D4-1723-46ED-BE3E-53DBF50AF591}.Debug|x86.Build.0 = Debug|Any CPU
		{C3F601D4-1723-46ED-BE3E-53DBF50AF591}.Release|Any CPU.ActiveCfg = Release|Any CPU
		{C3F601D4-1723-46ED-BE3E-53DBF50AF591}.Release|Any CPU.Build.0 = Release|Any CPU
		{C3F601D4-1723-46ED-BE3E-53DBF50AF591}.Release|x64.ActiveCfg = Release|Any CPU
		{C3F601D4-1723-46ED-BE3E-53DBF50AF591}.Release|x64.Build.0 = Release|Any CPU
		{C3F601D4-1723-46ED-BE3E-53DBF50AF591}.Release|x86.ActiveCfg = Release|Any CPU
		{C3F601D4-1723-46ED-BE3E-53DBF50AF591}.Release|x86.Build.0 = Release|Any CPU
		{1EAD4BBF-FB38-422D-856B-503D01919147}.Debug|Any CPU.ActiveCfg = Debug|Any CPU
		{1EAD4BBF-FB38-422D-856B-503D01919147}.Debug|Any CPU.Build.0 = Debug|Any CPU
		{1EAD4BBF-FB38-422D-856B-503D01919147}.Debug|x64.ActiveCfg = Debug|Any CPU
		{1EAD4BBF-FB38-422D-856B-503D01919147}.Debug|x64.Build.0 = Debug|Any CPU
		{1EAD4BBF-FB38-422D-856B-503D01919147}.Debug|x86.ActiveCfg = Debug|Any CPU
		{1EAD4BBF-FB38-422D-856B-503D01919147}.Debug|x86.Build.0 = Debug|Any CPU
		{1EAD4BBF-FB38-422D-856B-503D01919147}.Release|Any CPU.ActiveCfg = Release|Any CPU
		{1EAD4BBF-FB38-422D-856B-503D01919147}.Release|Any CPU.Build.0 = Release|Any CPU
		{1EAD4BBF-FB38-422D-856B-503D01919147}.Release|x64.ActiveCfg = Release|Any CPU
		{1EAD4BBF-FB38-422D-856B-503D01919147}.Release|x64.Build.0 = Release|Any CPU
		{1EAD4BBF-FB38-422D-856B-503D01919147}.Release|x86.ActiveCfg = Release|Any CPU
		{1EAD4BBF-FB38-422D-856B-503D01919147}.Release|x86.Build.0 = Release|Any CPU
	EndGlobalSection
	GlobalSection(NestedProjects) = preSolution
		{07A8060E-8FEF-4430-A079-D27B43111C7F} = {91B87B6D-7178-4C76-9577-CB6E7BDE82C3}
		{460F7355-E478-401A-B6D4-8D34ABB2F212} = {91B87B6D-7178-4C76-9577-CB6E7BDE82C3}
	EndGlobalSection
EndGlobal
