
Microsoft Visual Studio Solution File, Format Version 12.00
# Visual Studio 15
VisualStudioVersion = 15.0.27130.2024
MinimumVisualStudioVersion = 10.0.40219.1
Project("{2150E333-8FDC-42A3-9474-1A3956D46DE8}") = "Documentation", "Documentation", "{561759D2-4D2D-4EE3-9565-9AAEC4A7D64B}"
	ProjectSection(SolutionItems) = preProject
		README.md = README.md
	EndProjectSection
EndProject
Project("{2150E333-8FDC-42A3-9474-1A3956D46DE8}") = "Samples", "Samples", "{614D2908-AAF9-48CE-B688-C28CC99C1D19}"
	ProjectSection(SolutionItems) = preProject
		README.md = README.md
	EndProjectSection
EndProject
Project("{2150E333-8FDC-42A3-9474-1A3956D46DE8}") = "0. Hubbard Hamiltonian", "0. Hubbard Hamiltonian", "{87B15726-C98C-4D4D-A959-CC57D6B10789}"
EndProject
Project("{2150E333-8FDC-42A3-9474-1A3956D46DE8}") = "1. Simple Molecules", "1. Simple Molecules", "{3065C0E5-A209-4688-93DB-6BD85127D7B8}"
EndProject
Project("{2150E333-8FDC-42A3-9474-1A3956D46DE8}") = "2. General Chemistry", "2. General Chemistry", "{A75A51B7-860F-47BE-B6CF-E49157D56523}"
EndProject
Project("{9A19103F-16F7-4668-BE54-9A1E7A4F7556}") = "CreateHubbardHamiltonian", "CreateHubbardHamiltonian\CreateHubbardHamiltonian.csproj", "{AD5C96FE-8096-4F75-8558-D9BA218A9248}"
EndProject
Project("{9A19103F-16F7-4668-BE54-9A1E7A4F7556}") = "SimulateHubbardHamiltonian", "SimulateHubbardHamiltonian\SimulateHubbardHamiltonian.csproj", "{C3B77915-ED76-4950-9DE0-A437F84BD57E}"
EndProject
Project("{9A19103F-16F7-4668-BE54-9A1E7A4F7556}") = "LithiumHydrideGUI", "LithiumHydrideGUI\LithiumHydrideGUI.csproj", "{86338512-D089-43BC-B688-0829B88D9B64}"
EndProject
Project("{9A19103F-16F7-4668-BE54-9A1E7A4F7556}") = "MolecularHydrogen", "MolecularHydrogen\MolecularHydrogen.csproj", "{3D04649E-6498-44ED-A004-28B3D233BCD9}"
EndProject
Project("{9A19103F-16F7-4668-BE54-9A1E7A4F7556}") = "MolecularHydrogenGUI", "MolecularHydrogenGUI\MolecularHydrogenGUI.csproj", "{C5BEFD86-EE8C-4796-A988-F359643255C8}"
EndProject
Project("{9A19103F-16F7-4668-BE54-9A1E7A4F7556}") = "1-AnalyzeHamiltonian", "AnalyzeHamiltonian\1-AnalyzeHamiltonian.csproj", "{65A22E20-A1AF-4FEC-9474-4A81C34F0F9C}"
EndProject
Project("{9A19103F-16F7-4668-BE54-9A1E7A4F7556}") = "3-GetGateCount", "GetGateCount\3-GetGateCount.csproj", "{EFE50EFE-04B0-47BC-8898-782FFC4D7CB2}"
EndProject
Project("{9A19103F-16F7-4668-BE54-9A1E7A4F7556}") = "2-RunSimulation", "RunSimulation\2-RunSimulation.csproj", "{A249EED3-AD96-4BE6-90F6-2291EC9043D3}"
EndProject
Global
	GlobalSection(SolutionConfigurationPlatforms) = preSolution
		Debug|Any CPU = Debug|Any CPU
		Debug|ARM = Debug|ARM
		Debug|x64 = Debug|x64
		Debug|x86 = Debug|x86
		Release|Any CPU = Release|Any CPU
		Release|ARM = Release|ARM
		Release|x64 = Release|x64
		Release|x86 = Release|x86
	EndGlobalSection
	GlobalSection(ProjectConfigurationPlatforms) = postSolution
		{AD5C96FE-8096-4F75-8558-D9BA218A9248}.Debug|Any CPU.ActiveCfg = Debug|Any CPU
		{AD5C96FE-8096-4F75-8558-D9BA218A9248}.Debug|Any CPU.Build.0 = Debug|Any CPU
		{AD5C96FE-8096-4F75-8558-D9BA218A9248}.Debug|ARM.ActiveCfg = Debug|Any CPU
		{AD5C96FE-8096-4F75-8558-D9BA218A9248}.Debug|ARM.Build.0 = Debug|Any CPU
		{AD5C96FE-8096-4F75-8558-D9BA218A9248}.Debug|x64.ActiveCfg = Debug|Any CPU
		{AD5C96FE-8096-4F75-8558-D9BA218A9248}.Debug|x64.Build.0 = Debug|Any CPU
		{AD5C96FE-8096-4F75-8558-D9BA218A9248}.Debug|x86.ActiveCfg = Debug|Any CPU
		{AD5C96FE-8096-4F75-8558-D9BA218A9248}.Debug|x86.Build.0 = Debug|Any CPU
		{AD5C96FE-8096-4F75-8558-D9BA218A9248}.Release|Any CPU.ActiveCfg = Release|Any CPU
		{AD5C96FE-8096-4F75-8558-D9BA218A9248}.Release|Any CPU.Build.0 = Release|Any CPU
		{AD5C96FE-8096-4F75-8558-D9BA218A9248}.Release|ARM.ActiveCfg = Release|Any CPU
		{AD5C96FE-8096-4F75-8558-D9BA218A9248}.Release|ARM.Build.0 = Release|Any CPU
		{AD5C96FE-8096-4F75-8558-D9BA218A9248}.Release|x64.ActiveCfg = Release|Any CPU
		{AD5C96FE-8096-4F75-8558-D9BA218A9248}.Release|x64.Build.0 = Release|Any CPU
		{AD5C96FE-8096-4F75-8558-D9BA218A9248}.Release|x86.ActiveCfg = Release|Any CPU
		{AD5C96FE-8096-4F75-8558-D9BA218A9248}.Release|x86.Build.0 = Release|Any CPU
		{C3B77915-ED76-4950-9DE0-A437F84BD57E}.Debug|Any CPU.ActiveCfg = Debug|Any CPU
		{C3B77915-ED76-4950-9DE0-A437F84BD57E}.Debug|Any CPU.Build.0 = Debug|Any CPU
		{C3B77915-ED76-4950-9DE0-A437F84BD57E}.Debug|ARM.ActiveCfg = Debug|Any CPU
		{C3B77915-ED76-4950-9DE0-A437F84BD57E}.Debug|ARM.Build.0 = Debug|Any CPU
		{C3B77915-ED76-4950-9DE0-A437F84BD57E}.Debug|x64.ActiveCfg = Debug|Any CPU
		{C3B77915-ED76-4950-9DE0-A437F84BD57E}.Debug|x64.Build.0 = Debug|Any CPU
		{C3B77915-ED76-4950-9DE0-A437F84BD57E}.Debug|x86.ActiveCfg = Debug|Any CPU
		{C3B77915-ED76-4950-9DE0-A437F84BD57E}.Debug|x86.Build.0 = Debug|Any CPU
		{C3B77915-ED76-4950-9DE0-A437F84BD57E}.Release|Any CPU.ActiveCfg = Release|Any CPU
		{C3B77915-ED76-4950-9DE0-A437F84BD57E}.Release|Any CPU.Build.0 = Release|Any CPU
		{C3B77915-ED76-4950-9DE0-A437F84BD57E}.Release|ARM.ActiveCfg = Release|Any CPU
		{C3B77915-ED76-4950-9DE0-A437F84BD57E}.Release|ARM.Build.0 = Release|Any CPU
		{C3B77915-ED76-4950-9DE0-A437F84BD57E}.Release|x64.ActiveCfg = Release|Any CPU
		{C3B77915-ED76-4950-9DE0-A437F84BD57E}.Release|x64.Build.0 = Release|Any CPU
		{C3B77915-ED76-4950-9DE0-A437F84BD57E}.Release|x86.ActiveCfg = Release|Any CPU
		{C3B77915-ED76-4950-9DE0-A437F84BD57E}.Release|x86.Build.0 = Release|Any CPU
		{86338512-D089-43BC-B688-0829B88D9B64}.Debug|Any CPU.ActiveCfg = Debug|Any CPU
		{86338512-D089-43BC-B688-0829B88D9B64}.Debug|Any CPU.Build.0 = Debug|Any CPU
		{86338512-D089-43BC-B688-0829B88D9B64}.Debug|ARM.ActiveCfg = Debug|Any CPU
		{86338512-D089-43BC-B688-0829B88D9B64}.Debug|ARM.Build.0 = Debug|Any CPU
		{86338512-D089-43BC-B688-0829B88D9B64}.Debug|x64.ActiveCfg = Debug|Any CPU
		{86338512-D089-43BC-B688-0829B88D9B64}.Debug|x64.Build.0 = Debug|Any CPU
		{86338512-D089-43BC-B688-0829B88D9B64}.Debug|x86.ActiveCfg = Debug|Any CPU
		{86338512-D089-43BC-B688-0829B88D9B64}.Debug|x86.Build.0 = Debug|Any CPU
		{86338512-D089-43BC-B688-0829B88D9B64}.Release|Any CPU.ActiveCfg = Release|Any CPU
		{86338512-D089-43BC-B688-0829B88D9B64}.Release|Any CPU.Build.0 = Release|Any CPU
		{86338512-D089-43BC-B688-0829B88D9B64}.Release|ARM.ActiveCfg = Release|Any CPU
		{86338512-D089-43BC-B688-0829B88D9B64}.Release|ARM.Build.0 = Release|Any CPU
		{86338512-D089-43BC-B688-0829B88D9B64}.Release|x64.ActiveCfg = Release|Any CPU
		{86338512-D089-43BC-B688-0829B88D9B64}.Release|x64.Build.0 = Release|Any CPU
		{86338512-D089-43BC-B688-0829B88D9B64}.Release|x86.ActiveCfg = Release|Any CPU
		{86338512-D089-43BC-B688-0829B88D9B64}.Release|x86.Build.0 = Release|Any CPU
		{3D04649E-6498-44ED-A004-28B3D233BCD9}.Debug|Any CPU.ActiveCfg = Debug|Any CPU
		{3D04649E-6498-44ED-A004-28B3D233BCD9}.Debug|Any CPU.Build.0 = Debug|Any CPU
		{3D04649E-6498-44ED-A004-28B3D233BCD9}.Debug|ARM.ActiveCfg = Debug|Any CPU
		{3D04649E-6498-44ED-A004-28B3D233BCD9}.Debug|ARM.Build.0 = Debug|Any CPU
		{3D04649E-6498-44ED-A004-28B3D233BCD9}.Debug|x64.ActiveCfg = Debug|Any CPU
		{3D04649E-6498-44ED-A004-28B3D233BCD9}.Debug|x64.Build.0 = Debug|Any CPU
		{3D04649E-6498-44ED-A004-28B3D233BCD9}.Debug|x86.ActiveCfg = Debug|Any CPU
		{3D04649E-6498-44ED-A004-28B3D233BCD9}.Debug|x86.Build.0 = Debug|Any CPU
		{3D04649E-6498-44ED-A004-28B3D233BCD9}.Release|Any CPU.ActiveCfg = Release|Any CPU
		{3D04649E-6498-44ED-A004-28B3D233BCD9}.Release|Any CPU.Build.0 = Release|Any CPU
		{3D04649E-6498-44ED-A004-28B3D233BCD9}.Release|ARM.ActiveCfg = Release|Any CPU
		{3D04649E-6498-44ED-A004-28B3D233BCD9}.Release|ARM.Build.0 = Release|Any CPU
		{3D04649E-6498-44ED-A004-28B3D233BCD9}.Release|x64.ActiveCfg = Release|Any CPU
		{3D04649E-6498-44ED-A004-28B3D233BCD9}.Release|x64.Build.0 = Release|Any CPU
		{3D04649E-6498-44ED-A004-28B3D233BCD9}.Release|x86.ActiveCfg = Release|Any CPU
		{3D04649E-6498-44ED-A004-28B3D233BCD9}.Release|x86.Build.0 = Release|Any CPU
		{C5BEFD86-EE8C-4796-A988-F359643255C8}.Debug|Any CPU.ActiveCfg = Debug|Any CPU
		{C5BEFD86-EE8C-4796-A988-F359643255C8}.Debug|Any CPU.Build.0 = Debug|Any CPU
		{C5BEFD86-EE8C-4796-A988-F359643255C8}.Debug|ARM.ActiveCfg = Debug|Any CPU
		{C5BEFD86-EE8C-4796-A988-F359643255C8}.Debug|ARM.Build.0 = Debug|Any CPU
		{C5BEFD86-EE8C-4796-A988-F359643255C8}.Debug|x64.ActiveCfg = Debug|Any CPU
		{C5BEFD86-EE8C-4796-A988-F359643255C8}.Debug|x64.Build.0 = Debug|Any CPU
		{C5BEFD86-EE8C-4796-A988-F359643255C8}.Debug|x86.ActiveCfg = Debug|Any CPU
		{C5BEFD86-EE8C-4796-A988-F359643255C8}.Debug|x86.Build.0 = Debug|Any CPU
		{C5BEFD86-EE8C-4796-A988-F359643255C8}.Release|Any CPU.ActiveCfg = Release|Any CPU
		{C5BEFD86-EE8C-4796-A988-F359643255C8}.Release|Any CPU.Build.0 = Release|Any CPU
		{C5BEFD86-EE8C-4796-A988-F359643255C8}.Release|ARM.ActiveCfg = Release|Any CPU
		{C5BEFD86-EE8C-4796-A988-F359643255C8}.Release|ARM.Build.0 = Release|Any CPU
		{C5BEFD86-EE8C-4796-A988-F359643255C8}.Release|x64.ActiveCfg = Release|Any CPU
		{C5BEFD86-EE8C-4796-A988-F359643255C8}.Release|x64.Build.0 = Release|Any CPU
		{C5BEFD86-EE8C-4796-A988-F359643255C8}.Release|x86.ActiveCfg = Release|Any CPU
		{C5BEFD86-EE8C-4796-A988-F359643255C8}.Release|x86.Build.0 = Release|Any CPU
		{65A22E20-A1AF-4FEC-9474-4A81C34F0F9C}.Debug|Any CPU.ActiveCfg = Debug|Any CPU
		{65A22E20-A1AF-4FEC-9474-4A81C34F0F9C}.Debug|Any CPU.Build.0 = Debug|Any CPU
		{65A22E20-A1AF-4FEC-9474-4A81C34F0F9C}.Debug|ARM.ActiveCfg = Debug|Any CPU
		{65A22E20-A1AF-4FEC-9474-4A81C34F0F9C}.Debug|ARM.Build.0 = Debug|Any CPU
		{65A22E20-A1AF-4FEC-9474-4A81C34F0F9C}.Debug|x64.ActiveCfg = Debug|Any CPU
		{65A22E20-A1AF-4FEC-9474-4A81C34F0F9C}.Debug|x64.Build.0 = Debug|Any CPU
		{65A22E20-A1AF-4FEC-9474-4A81C34F0F9C}.Debug|x86.ActiveCfg = Debug|Any CPU
		{65A22E20-A1AF-4FEC-9474-4A81C34F0F9C}.Debug|x86.Build.0 = Debug|Any CPU
		{65A22E20-A1AF-4FEC-9474-4A81C34F0F9C}.Release|Any CPU.ActiveCfg = Release|Any CPU
		{65A22E20-A1AF-4FEC-9474-4A81C34F0F9C}.Release|Any CPU.Build.0 = Release|Any CPU
		{65A22E20-A1AF-4FEC-9474-4A81C34F0F9C}.Release|ARM.ActiveCfg = Release|Any CPU
		{65A22E20-A1AF-4FEC-9474-4A81C34F0F9C}.Release|ARM.Build.0 = Release|Any CPU
		{65A22E20-A1AF-4FEC-9474-4A81C34F0F9C}.Release|x64.ActiveCfg = Release|Any CPU
		{65A22E20-A1AF-4FEC-9474-4A81C34F0F9C}.Release|x64.Build.0 = Release|Any CPU
		{65A22E20-A1AF-4FEC-9474-4A81C34F0F9C}.Release|x86.ActiveCfg = Release|Any CPU
		{65A22E20-A1AF-4FEC-9474-4A81C34F0F9C}.Release|x86.Build.0 = Release|Any CPU
		{EFE50EFE-04B0-47BC-8898-782FFC4D7CB2}.Debug|Any CPU.ActiveCfg = Debug|Any CPU
		{EFE50EFE-04B0-47BC-8898-782FFC4D7CB2}.Debug|Any CPU.Build.0 = Debug|Any CPU
		{EFE50EFE-04B0-47BC-8898-782FFC4D7CB2}.Debug|ARM.ActiveCfg = Debug|Any CPU
		{EFE50EFE-04B0-47BC-8898-782FFC4D7CB2}.Debug|ARM.Build.0 = Debug|Any CPU
		{EFE50EFE-04B0-47BC-8898-782FFC4D7CB2}.Debug|x64.ActiveCfg = Debug|Any CPU
		{EFE50EFE-04B0-47BC-8898-782FFC4D7CB2}.Debug|x64.Build.0 = Debug|Any CPU
		{EFE50EFE-04B0-47BC-8898-782FFC4D7CB2}.Debug|x86.ActiveCfg = Debug|Any CPU
		{EFE50EFE-04B0-47BC-8898-782FFC4D7CB2}.Debug|x86.Build.0 = Debug|Any CPU
		{EFE50EFE-04B0-47BC-8898-782FFC4D7CB2}.Release|Any CPU.ActiveCfg = Release|Any CPU
		{EFE50EFE-04B0-47BC-8898-782FFC4D7CB2}.Release|Any CPU.Build.0 = Release|Any CPU
		{EFE50EFE-04B0-47BC-8898-782FFC4D7CB2}.Release|ARM.ActiveCfg = Release|Any CPU
		{EFE50EFE-04B0-47BC-8898-782FFC4D7CB2}.Release|ARM.Build.0 = Release|Any CPU
		{EFE50EFE-04B0-47BC-8898-782FFC4D7CB2}.Release|x64.ActiveCfg = Release|Any CPU
		{EFE50EFE-04B0-47BC-8898-782FFC4D7CB2}.Release|x64.Build.0 = Release|Any CPU
		{EFE50EFE-04B0-47BC-8898-782FFC4D7CB2}.Release|x86.ActiveCfg = Release|Any CPU
		{EFE50EFE-04B0-47BC-8898-782FFC4D7CB2}.Release|x86.Build.0 = Release|Any CPU
		{A249EED3-AD96-4BE6-90F6-2291EC9043D3}.Debug|Any CPU.ActiveCfg = Debug|Any CPU
		{A249EED3-AD96-4BE6-90F6-2291EC9043D3}.Debug|Any CPU.Build.0 = Debug|Any CPU
		{A249EED3-AD96-4BE6-90F6-2291EC9043D3}.Debug|ARM.ActiveCfg = Debug|Any CPU
		{A249EED3-AD96-4BE6-90F6-2291EC9043D3}.Debug|ARM.Build.0 = Debug|Any CPU
		{A249EED3-AD96-4BE6-90F6-2291EC9043D3}.Debug|x64.ActiveCfg = Debug|Any CPU
		{A249EED3-AD96-4BE6-90F6-2291EC9043D3}.Debug|x64.Build.0 = Debug|Any CPU
		{A249EED3-AD96-4BE6-90F6-2291EC9043D3}.Debug|x86.ActiveCfg = Debug|Any CPU
		{A249EED3-AD96-4BE6-90F6-2291EC9043D3}.Debug|x86.Build.0 = Debug|Any CPU
		{A249EED3-AD96-4BE6-90F6-2291EC9043D3}.Release|Any CPU.ActiveCfg = Release|Any CPU
		{A249EED3-AD96-4BE6-90F6-2291EC9043D3}.Release|Any CPU.Build.0 = Release|Any CPU
		{A249EED3-AD96-4BE6-90F6-2291EC9043D3}.Release|ARM.ActiveCfg = Release|Any CPU
		{A249EED3-AD96-4BE6-90F6-2291EC9043D3}.Release|ARM.Build.0 = Release|Any CPU
		{A249EED3-AD96-4BE6-90F6-2291EC9043D3}.Release|x64.ActiveCfg = Release|Any CPU
		{A249EED3-AD96-4BE6-90F6-2291EC9043D3}.Release|x64.Build.0 = Release|Any CPU
		{A249EED3-AD96-4BE6-90F6-2291EC9043D3}.Release|x86.ActiveCfg = Release|Any CPU
		{A249EED3-AD96-4BE6-90F6-2291EC9043D3}.Release|x86.Build.0 = Release|Any CPU
	EndGlobalSection
	GlobalSection(SolutionProperties) = preSolution
		HideSolutionNode = FALSE
	EndGlobalSection
	GlobalSection(NestedProjects) = preSolution
		{87B15726-C98C-4D4D-A959-CC57D6B10789} = {614D2908-AAF9-48CE-B688-C28CC99C1D19}
		{3065C0E5-A209-4688-93DB-6BD85127D7B8} = {614D2908-AAF9-48CE-B688-C28CC99C1D19}
		{A75A51B7-860F-47BE-B6CF-E49157D56523} = {614D2908-AAF9-48CE-B688-C28CC99C1D19}
		{AD5C96FE-8096-4F75-8558-D9BA218A9248} = {87B15726-C98C-4D4D-A959-CC57D6B10789}
		{C3B77915-ED76-4950-9DE0-A437F84BD57E} = {87B15726-C98C-4D4D-A959-CC57D6B10789}
		{86338512-D089-43BC-B688-0829B88D9B64} = {3065C0E5-A209-4688-93DB-6BD85127D7B8}
		{3D04649E-6498-44ED-A004-28B3D233BCD9} = {3065C0E5-A209-4688-93DB-6BD85127D7B8}
		{C5BEFD86-EE8C-4796-A988-F359643255C8} = {3065C0E5-A209-4688-93DB-6BD85127D7B8}
		{65A22E20-A1AF-4FEC-9474-4A81C34F0F9C} = {A75A51B7-860F-47BE-B6CF-E49157D56523}
		{EFE50EFE-04B0-47BC-8898-782FFC4D7CB2} = {A75A51B7-860F-47BE-B6CF-E49157D56523}
		{A249EED3-AD96-4BE6-90F6-2291EC9043D3} = {A75A51B7-860F-47BE-B6CF-E49157D56523}
	EndGlobalSection
	GlobalSection(ExtensibilityGlobals) = postSolution
		SolutionGuid = {6869E5BF-551A-40F1-9B6B-D1B27A5676CB}
	EndGlobalSection
	GlobalSection(Performance) = preSolution
		HasPerformanceSessions = true
	EndGlobalSection
	GlobalSection(Performance) = preSolution
		HasPerformanceSessions = true
	EndGlobalSection
EndGlobal
