
Microsoft Visual Studio Solution File, Format Version 12.00
# Visual Studio 15
VisualStudioVersion = 15.0.26124.0
MinimumVisualStudioVersion = 15.0.26124.0
Project("{FAE04EC0-301F-11D3-BF4B-00C04F79EFBC}") = "OracleEmulation", "oracle-emulation\OracleEmulation.csproj", "{F409462C-2282-446A-B5F9-3DBED09DA4EF}"
EndProject
Project("{FAE04EC0-301F-11D3-BF4B-00C04F79EFBC}") = "StateVisualizer", "state-visualizer\StateVisualizer.csproj", "{96B09408-47E7-460A-BD91-668A44B2F299}"
EndProject
Global
	GlobalSection(SolutionConfigurationPlatforms) = preSolution
		Debug|Any CPU = Debug|Any CPU
		Debug|x64 = Debug|x64
		Debug|x86 = Debug|x86
		Release|Any CPU = Release|Any CPU
		Release|x64 = Release|x64
		Release|x86 = Release|x86
	EndGlobalSection
	GlobalSection(SolutionProperties) = preSolution
		HideSolutionNode = FALSE
	EndGlobalSection
	GlobalSection(ProjectConfigurationPlatforms) = postSolution
		{F409462C-2282-446A-B5F9-3DBED09DA4EF}.Debug|Any CPU.ActiveCfg = Debug|Any CPU
		{F409462C-2282-446A-B5F9-3DBED09DA4EF}.Debug|Any CPU.Build.0 = Debug|Any CPU
		{F409462C-2282-446A-B5F9-3DBED09DA4EF}.Debug|x64.ActiveCfg = Debug|Any CPU
		{F409462C-2282-446A-B5F9-3DBED09DA4EF}.Debug|x64.Build.0 = Debug|Any CPU
		{F409462C-2282-446A-B5F9-3DBED09DA4EF}.Debug|x86.ActiveCfg = Debug|Any CPU
		{F409462C-2282-446A-B5F9-3DBED09DA4EF}.Debug|x86.Build.0 = Debug|Any CPU
		{F409462C-2282-446A-B5F9-3DBED09DA4EF}.Release|Any CPU.ActiveCfg = Release|Any CPU
		{F409462C-2282-446A-B5F9-3DBED09DA4EF}.Release|Any CPU.Build.0 = Release|Any CPU
		{F409462C-2282-446A-B5F9-3DBED09DA4EF}.Release|x64.ActiveCfg = Release|Any CPU
		{F409462C-2282-446A-B5F9-3DBED09DA4EF}.Release|x64.Build.0 = Release|Any CPU
		{F409462C-2282-446A-B5F9-3DBED09DA4EF}.Release|x86.ActiveCfg = Release|Any CPU
		{F409462C-2282-446A-B5F9-3DBED09DA4EF}.Release|x86.Build.0 = Release|Any CPU
		{96B09408-47E7-460A-BD91-668A44B2F299}.Debug|Any CPU.ActiveCfg = Debug|Any CPU
		{96B09408-47E7-460A-BD91-668A44B2F299}.Debug|Any CPU.Build.0 = Debug|Any CPU
		{96B09408-47E7-460A-BD91-668A44B2F299}.Debug|x64.ActiveCfg = Debug|Any CPU
		{96B09408-47E7-460A-BD91-668A44B2F299}.Debug|x64.Build.0 = Debug|Any CPU
		{96B09408-47E7-460A-BD91-668A44B2F299}.Debug|x86.ActiveCfg = Debug|Any CPU
		{96B09408-47E7-460A-BD91-668A44B2F299}.Debug|x86.Build.0 = Debug|Any CPU
		{96B09408-47E7-460A-BD91-668A44B2F299}.Release|Any CPU.ActiveCfg = Release|Any CPU
		{96B09408-47E7-460A-BD91-668A44B2F299}.Release|Any CPU.Build.0 = Release|Any CPU
		{96B09408-47E7-460A-BD91-668A44B2F299}.Release|x64.ActiveCfg = Release|Any CPU
		{96B09408-47E7-460A-BD91-668A44B2F299}.Release|x64.Build.0 = Release|Any CPU
		{96B09408-47E7-460A-BD91-668A44B2F299}.Release|x86.ActiveCfg = Release|Any CPU
		{96B09408-47E7-460A-BD91-668A44B2F299}.Release|x86.Build.0 = Release|Any CPU
	EndGlobalSection
EndGlobal
