
Microsoft Visual Studio Solution File, Format Version 12.00
# Visual Studio Version 16
VisualStudioVersion = 16.0.29418.71
MinimumVisualStudioVersion = 15.0.26124.0
Project("{9A19103F-16F7-4668-BE54-9A1E7A4F7556}") = "OracleEmulation", "oracle-emulation\OracleEmulation.csproj", "{F409462C-2282-446A-B5F9-3DBED09DA4EF}"
EndProject
Project("{9A19103F-16F7-4668-BE54-9A1E7A4F7556}") = "StateVisualizer", "state-visualizer\StateVisualizer.csproj", "{96B09408-47E7-460A-BD91-668A44B2F299}"
EndProject
Project("{9A19103F-16F7-4668-BE54-9A1E7A4F7556}") = "SimulatorWithOverrides", "simulator-with-overrides\SimulatorWithOverrides.csproj", "{96BFA26E-04E8-4C0C-A4E7-AB13B1103E6F}"
EndProject
Project("{9A19103F-16F7-4668-BE54-9A1E7A4F7556}") = "SimpleGroverSample", "..\algorithms\simple-grover\SimpleGroverSample.csproj", "{829FBC53-487D-4157-84F6-7DA34F4D13B2}"
EndProject
Global
	GlobalSection(SolutionConfigurationPlatforms) = preSolution
		Debug|Any CPU = Debug|Any CPU
		Debug|x64 = Debug|x64
		Debug|x86 = Debug|x86
		Release|Any CPU = Release|Any CPU
		Release|x64 = Release|x64
		Release|x86 = Release|x86
	EndGlobalSection
	GlobalSection(ProjectConfigurationPlatforms) = postSolution
		{F409462C-2282-446A-B5F9-3DBED09DA4EF}.Debug|Any CPU.ActiveCfg = Debug|Any CPU
		{F409462C-2282-446A-B5F9-3DBED09DA4EF}.Debug|Any CPU.Build.0 = Debug|Any CPU
		{F409462C-2282-446A-B5F9-3DBED09DA4EF}.Debug|x64.ActiveCfg = Debug|Any CPU
		{F409462C-2282-446A-B5F9-3DBED09DA4EF}.Debug|x64.Build.0 = Debug|Any CPU
		{F409462C-2282-446A-B5F9-3DBED09DA4EF}.Debug|x86.ActiveCfg = Debug|Any CPU
		{F409462C-2282-446A-B5F9-3DBED09DA4EF}.Debug|x86.Build.0 = Debug|Any CPU
		{F409462C-2282-446A-B5F9-3DBED09DA4EF}.Release|Any CPU.ActiveCfg = Release|Any CPU
		{F409462C-2282-446A-B5F9-3DBED09DA4EF}.Release|Any CPU.Build.0 = Release|Any CPU
		{F409462C-2282-446A-B5F9-3DBED09DA4EF}.Release|x64.ActiveCfg = Release|Any CPU
		{F409462C-2282-446A-B5F9-3DBED09DA4EF}.Release|x64.Build.0 = Release|Any CPU
		{F409462C-2282-446A-B5F9-3DBED09DA4EF}.Release|x86.ActiveCfg = Release|Any CPU
		{F409462C-2282-446A-B5F9-3DBED09DA4EF}.Release|x86.Build.0 = Release|Any CPU
		{96B09408-47E7-460A-BD91-668A44B2F299}.Debug|Any CPU.ActiveCfg = Debug|Any CPU
		{96B09408-47E7-460A-BD91-668A44B2F299}.Debug|Any CPU.Build.0 = Debug|Any CPU
		{96B09408-47E7-460A-BD91-668A44B2F299}.Debug|x64.ActiveCfg = Debug|Any CPU
		{96B09408-47E7-460A-BD91-668A44B2F299}.Debug|x64.Build.0 = Debug|Any CPU
		{96B09408-47E7-460A-BD91-668A44B2F299}.Debug|x86.ActiveCfg = Debug|Any CPU
		{96B09408-47E7-460A-BD91-668A44B2F299}.Debug|x86.Build.0 = Debug|Any CPU
		{96B09408-47E7-460A-BD91-668A44B2F299}.Release|Any CPU.ActiveCfg = Release|Any CPU
		{96B09408-47E7-460A-BD91-668A44B2F299}.Release|Any CPU.Build.0 = Release|Any CPU
		{96B09408-47E7-460A-BD91-668A44B2F299}.Release|x64.ActiveCfg = Release|Any CPU
		{96B09408-47E7-460A-BD91-668A44B2F299}.Release|x64.Build.0 = Release|Any CPU
		{96B09408-47E7-460A-BD91-668A44B2F299}.Release|x86.ActiveCfg = Release|Any CPU
		{96B09408-47E7-460A-BD91-668A44B2F299}.Release|x86.Build.0 = Release|Any CPU
		{96BFA26E-04E8-4C0C-A4E7-AB13B1103E6F}.Debug|Any CPU.ActiveCfg = Debug|Any CPU
		{96BFA26E-04E8-4C0C-A4E7-AB13B1103E6F}.Debug|Any CPU.Build.0 = Debug|Any CPU
		{96BFA26E-04E8-4C0C-A4E7-AB13B1103E6F}.Debug|x64.ActiveCfg = Debug|Any CPU
		{96BFA26E-04E8-4C0C-A4E7-AB13B1103E6F}.Debug|x64.Build.0 = Debug|Any CPU
		{96BFA26E-04E8-4C0C-A4E7-AB13B1103E6F}.Debug|x86.ActiveCfg = Debug|Any CPU
		{96BFA26E-04E8-4C0C-A4E7-AB13B1103E6F}.Debug|x86.Build.0 = Debug|Any CPU
		{96BFA26E-04E8-4C0C-A4E7-AB13B1103E6F}.Release|Any CPU.ActiveCfg = Release|Any CPU
		{96BFA26E-04E8-4C0C-A4E7-AB13B1103E6F}.Release|Any CPU.Build.0 = Release|Any CPU
		{96BFA26E-04E8-4C0C-A4E7-AB13B1103E6F}.Release|x64.ActiveCfg = Release|Any CPU
		{96BFA26E-04E8-4C0C-A4E7-AB13B1103E6F}.Release|x64.Build.0 = Release|Any CPU
		{96BFA26E-04E8-4C0C-A4E7-AB13B1103E6F}.Release|x86.ActiveCfg = Release|Any CPU
		{96BFA26E-04E8-4C0C-A4E7-AB13B1103E6F}.Release|x86.Build.0 = Release|Any CPU
		{829FBC53-487D-4157-84F6-7DA34F4D13B2}.Debug|Any CPU.ActiveCfg = Debug|Any CPU
		{829FBC53-487D-4157-84F6-7DA34F4D13B2}.Debug|Any CPU.Build.0 = Debug|Any CPU
		{829FBC53-487D-4157-84F6-7DA34F4D13B2}.Debug|x64.ActiveCfg = Debug|Any CPU
		{829FBC53-487D-4157-84F6-7DA34F4D13B2}.Debug|x64.Build.0 = Debug|Any CPU
		{829FBC53-487D-4157-84F6-7DA34F4D13B2}.Debug|x86.ActiveCfg = Debug|Any CPU
		{829FBC53-487D-4157-84F6-7DA34F4D13B2}.Debug|x86.Build.0 = Debug|Any CPU
		{829FBC53-487D-4157-84F6-7DA34F4D13B2}.Release|Any CPU.ActiveCfg = Release|Any CPU
		{829FBC53-487D-4157-84F6-7DA34F4D13B2}.Release|Any CPU.Build.0 = Release|Any CPU
		{829FBC53-487D-4157-84F6-7DA34F4D13B2}.Release|x64.ActiveCfg = Release|Any CPU
		{829FBC53-487D-4157-84F6-7DA34F4D13B2}.Release|x64.Build.0 = Release|Any CPU
		{829FBC53-487D-4157-84F6-7DA34F4D13B2}.Release|x86.ActiveCfg = Release|Any CPU
		{829FBC53-487D-4157-84F6-7DA34F4D13B2}.Release|x86.Build.0 = Release|Any CPU
	EndGlobalSection
	GlobalSection(SolutionProperties) = preSolution
		HideSolutionNode = FALSE
	EndGlobalSection
	GlobalSection(ExtensibilityGlobals) = postSolution
		SolutionGuid = {29052B45-C81F-479F-AF7F-3E28BAA3D43D}
	EndGlobalSection
EndGlobal
